
Microsoft Visual Studio Solution File, Format Version 12.00
# Visual Studio Version 17
VisualStudioVersion = 17.0.31815.197
MinimumVisualStudioVersion = 10.0.40219.1
Project("{FAE04EC0-301F-11D3-BF4B-00C04F79EFBC}") = "TOKENAPI", "TOKENAPI\TOKENAPI.csproj", "{3D85BD46-C656-4959-8632-EE9A5FD9B254}"
EndProject
Global
	GlobalSection(SolutionConfigurationPlatforms) = preSolution
		Debug|Any CPU = Debug|Any CPU
		Release|Any CPU = Release|Any CPU
	EndGlobalSection
	GlobalSection(ProjectConfigurationPlatforms) = postSolution
		{3D85BD46-C656-4959-8632-EE9A5FD9B254}.Debug|Any CPU.ActiveCfg = Debug|Any CPU
		{3D85BD46-C656-4959-8632-EE9A5FD9B254}.Debug|Any CPU.Build.0 = Debug|Any CPU
		{3D85BD46-C656-4959-8632-EE9A5FD9B254}.Release|Any CPU.ActiveCfg = Release|Any CPU
		{3D85BD46-C656-4959-8632-EE9A5FD9B254}.Release|Any CPU.Build.0 = Release|Any CPU
	EndGlobalSection
	GlobalSection(SolutionProperties) = preSolution
		HideSolutionNode = FALSE
	EndGlobalSection
	GlobalSection(ExtensibilityGlobals) = postSolution
		SolutionGuid = {FBE9C4BD-AB18-496F-8D1F-5987761228E0}
	EndGlobalSection
EndGlobal
